<?xml version="1.0" encoding="utf-8"?>
<Project ToolsVersion="4.0" xmlns="http://schemas.microsoft.com/developer/msbuild/2003">
  <ItemGroup>
    <Filter Include="Header Files">
      <UniqueIdentifier>{93995380-89BD-4b04-88EB-625FBE52EBFB}</UniqueIdentifier>
      <Extensions>h;hh;hpp;hxx;h++;hm;inl;inc;ipp;xsd</Extensions>
    </Filter>
    <Filter Include="Resource Files">
      <UniqueIdentifier>{67DA6AB6-F800-4c08-8B7A-83BB121AAD01}</UniqueIdentifier>
      <Extensions>rc;ico;cur;bmp;dlg;rc2;rct;bin;rgs;gif;jpg;jpeg;jpe;resx;tiff;tif;png;wav;mfcribbon-ms</Extensions>
    </Filter>
    <Filter Include="Header Files\model">
      <UniqueIdentifier>{824d131c-56d1-40e4-8d78-285b7d27f03f}</UniqueIdentifier>
    </Filter>
    <Filter Include="Header Files\controller">
      <UniqueIdentifier>{09fe03cd-d59a-4dde-b10c-bffce449e773}</UniqueIdentifier>
    </Filter>
    <Filter Include="Header Files\model\animals">
      <UniqueIdentifier>{ba99f35f-d085-4ee1-b99c-a9e4d4fd54f0}</UniqueIdentifier>
    </Filter>
    <Filter Include="Header Files\model\plants">
      <UniqueIdentifier>{aacd7138-6937-425f-a9b2-136b33da8eed}</UniqueIdentifier>
    </Filter>
    <Filter Include="Source Files">
      <UniqueIdentifier>{4FC737F1-C7A5-4376-A066-2A32D752A2FF}</UniqueIdentifier>
      <Extensions>cpp;c;cc;cxx;c++;cppm;ixx;def;odl;idl;hpj;bat;asm;asmx</Extensions>
    </Filter>
    <Filter Include="Source Files\model">
      <UniqueIdentifier>{e78484fb-983d-4402-8bda-c6474fdb06e0}</UniqueIdentifier>
    </Filter>
    <Filter Include="Source Files\model\animals">
      <UniqueIdentifier>{d43a5f43-2e78-4847-9cd8-0e4ec6f8f8d7}</UniqueIdentifier>
    </Filter>
    <Filter Include="Source Files\model\plants">
      <UniqueIdentifier>{9e4e5523-e1d1-4ccb-9511-349afd6abe8c}</UniqueIdentifier>
    </Filter>
    <Filter Include="Source Files\controller">
      <UniqueIdentifier>{f5f00fce-8437-419f-b911-98ff5a34a1d4}</UniqueIdentifier>
    </Filter>
  </ItemGroup>
  <ItemGroup>
    <ClCompile Include="OOP Project 1.cpp">
      <Filter>Source Files</Filter>
    </ClCompile>
    <ClCompile Include="Animal.cpp">
      <Filter>Source Files\model\animals</Filter>
    </ClCompile>
    <ClCompile Include="Antelope.cpp">
      <Filter>Source Files\model\animals</Filter>
    </ClCompile>
    <ClCompile Include="Fox.cpp">
      <Filter>Source Files\model\animals</Filter>
    </ClCompile>
    <ClCompile Include="Human.cpp">
      <Filter>Source Files\model\animals</Filter>
    </ClCompile>
    <ClCompile Include="Turtle.cpp">
      <Filter>Source Files\model\animals</Filter>
    </ClCompile>
    <ClCompile Include="Wolf.cpp">
      <Filter>Source Files\model\animals</Filter>
    </ClCompile>
    <ClCompile Include="Sheep.cpp">
      <Filter>Source Files\model\animals</Filter>
    </ClCompile>
    <ClCompile Include="Organism.cpp">
      <Filter>Source Files\model\animals</Filter>
    </ClCompile>
    <ClCompile Include="Belladonna.cpp">
      <Filter>Source Files\model\plants</Filter>
    </ClCompile>
    <ClCompile Include="Grass.cpp">
      <Filter>Source Files\model\plants</Filter>
    </ClCompile>
    <ClCompile Include="Guarana.cpp">
      <Filter>Source Files\model\plants</Filter>
    </ClCompile>
    <ClCompile Include="Plant.cpp">
      <Filter>Source Files\model\plants</Filter>
    </ClCompile>
    <ClCompile Include="SosnowskysHogweed.cpp">
      <Filter>Source Files\model\plants</Filter>
    </ClCompile>
    <ClCompile Include="SowThistle.cpp">
      <Filter>Source Files\model\plants</Filter>
    </ClCompile>
    <ClCompile Include="Point.cpp">
      <Filter>Source Files\model</Filter>
    </ClCompile>
    <ClCompile Include="World.cpp">
      <Filter>Source Files\model</Filter>
    </ClCompile>
    <ClCompile Include="Controller.cpp">
      <Filter>Source Files\controller</Filter>
    </ClCompile>
  </ItemGroup>
  <ItemGroup>
    <ClInclude Include="Animal.h">
      <Filter>Header Files\model\animals</Filter>
    </ClInclude>
    <ClInclude Include="Antelope.h">
      <Filter>Header Files\model\animals</Filter>
    </ClInclude>
    <ClInclude Include="Fox.h">
      <Filter>Header Files\model\animals</Filter>
    </ClInclude>
    <ClInclude Include="Human.h">
      <Filter>Header Files\model\animals</Filter>
    </ClInclude>
    <ClInclude Include="Organism.h">
      <Filter>Header Files\model\animals</Filter>
    </ClInclude>
    <ClInclude Include="Sheep.h">
      <Filter>Header Files\model\animals</Filter>
    </ClInclude>
    <ClInclude Include="Turtle.h">
      <Filter>Header Files\model\animals</Filter>
    </ClInclude>
    <ClInclude Include="Wolf.h">
      <Filter>Header Files\model\animals</Filter>
    </ClInclude>
    <ClInclude Include="Belladonna.h">
      <Filter>Header Files\model\plants</Filter>
    </ClInclude>
    <ClInclude Include="Grass.h">
      <Filter>Header Files\model\plants</Filter>
    </ClInclude>
    <ClInclude Include="Guarana.h">
      <Filter>Header Files\model\plants</Filter>
    </ClInclude>
    <ClInclude Include="Plant.h">
      <Filter>Header Files\model\plants</Filter>
    </ClInclude>
    <ClInclude Include="SosnowskysHogweed.h">
      <Filter>Header Files\model\plants</Filter>
    </ClInclude>
    <ClInclude Include="SowThistle.h">
      <Filter>Header Files\model\plants</Filter>
    </ClInclude>
    <ClInclude Include="Point.h">
      <Filter>Header Files\model</Filter>
    </ClInclude>
    <ClInclude Include="World.h">
      <Filter>Header Files\model</Filter>
    </ClInclude>
    <ClInclude Include="Controller.h">
      <Filter>Header Files\controller</Filter>
    </ClInclude>
  </ItemGroup>
</Project>